
Microsoft Visual Studio Solution File, Format Version 12.00
# Visual Studio Version 16
VisualStudioVersion = 16.0.30011.22
MinimumVisualStudioVersion = 10.0.40219.1
Project("{FAE04EC0-301F-11D3-BF4B-00C04F79EFBC}") = "quiz3Forms", "quiz3Forms\quiz3Forms.csproj", "{1EAC1ABA-89D3-406F-A9AF-A8953E541868}"
EndProject
Global
	GlobalSection(SolutionConfigurationPlatforms) = preSolution
		Debug|Any CPU = Debug|Any CPU
		Release|Any CPU = Release|Any CPU
	EndGlobalSection
	GlobalSection(ProjectConfigurationPlatforms) = postSolution
		{1EAC1ABA-89D3-406F-A9AF-A8953E541868}.Debug|Any CPU.ActiveCfg = Debug|Any CPU
		{1EAC1ABA-89D3-406F-A9AF-A8953E541868}.Debug|Any CPU.Build.0 = Debug|Any CPU
		{1EAC1ABA-89D3-406F-A9AF-A8953E541868}.Release|Any CPU.ActiveCfg = Release|Any CPU
		{1EAC1ABA-89D3-406F-A9AF-A8953E541868}.Release|Any CPU.Build.0 = Release|Any CPU
	EndGlobalSection
	GlobalSection(SolutionProperties) = preSolution
		HideSolutionNode = FALSE
	EndGlobalSection
	GlobalSection(ExtensibilityGlobals) = postSolution
		SolutionGuid = {FA77E07F-1895-44DA-8FA0-A2C5EA230CB7}
	EndGlobalSection
EndGlobal
